# This file is automatically @generated by Cargo.
# It is not intended for manual editing.
version = 4

[[package]]
name = "autocfg"
version = "1.5.0"
source = "registry+https://github.com/rust-lang/crates.io-index"
checksum = "c08606f8c3cbf4ce6ec8e28fb0014a2c086708fe954eaa885384a6165172e7e8"

[[package]]
name = "coap-message"
version = "0.3.6"
source = "registry+https://github.com/rust-lang/crates.io-index"
checksum = "185d26bfc9862ae17a065d361725e2301072125cb7200836d4b795285fded1f7"
dependencies = [
 "num-traits",
]

[[package]]
name = "coap-request"
version = "0.2.0-alpha.2"
source = "registry+https://github.com/rust-lang/crates.io-index"
checksum = "58d76d947d49b867e8f0268cbd690156fe506335247b538284551fe404d2d16c"
dependencies = [
 "coap-message",
]

[[package]]
name = "coapcore"
version = "0.0.0"
dependencies = [
 "coap-message",
 "coap-request",
]

[[package]]
name = "num-traits"
version = "0.2.19"
source = "registry+https://github.com/rust-lang/crates.io-index"
checksum = "071dfc062690e90b734c0b2273ce72ad0ffa95f0c74596bc250dcfd960262841"
dependencies = [
 "autocfg",
]

[[patch.unused]]
name = "cyw43"
version = "0.5.0"
source = "git+https://github.com/ariel-os/embassy?rev=603583d9#603583d94cb7ba14b3a6bbb84c8c5fea8bffea0d"

[[patch.unused]]
name = "embassy-hal-internal"
version = "0.3.0"
source = "git+https://github.com/ariel-os/embassy?rev=0feffeb3c90748112a64c6570a39e1251311accb#0feffeb3c90748112a64c6570a39e1251311accb"

[[patch.unused]]
name = "embassy-net"
version = "0.7.1"
source = "git+https://github.com/ariel-os/embassy?rev=f88320aea64cf24026dd95ce3405ac23253b1117#f88320aea64cf24026dd95ce3405ac23253b1117"

[[patch.unused]]
name = "embassy-nrf"
version = "0.8.0"
source = "git+https://github.com/ariel-os/embassy?rev=3940a79a29ae578a35625cae949bea473abf21d1#3940a79a29ae578a35625cae949bea473abf21d1"

[[patch.unused]]
name = "embassy-rp"
version = "0.8.0"
source = "git+https://github.com/ariel-os/embassy?rev=0314802282e112a47b4ccb303c0e7f09cf33df53#0314802282e112a47b4ccb303c0e7f09cf33df53"

[[patch.unused]]
name = "embassy-stm32"
version = "0.4.0"
source = "git+https://github.com/ariel-os/embassy?rev=1b75c3d6e61a99a312e2d12f039fa6e76e9c3a9c#1b75c3d6e61a99a312e2d12f039fa6e76e9c3a9c"

[[patch.unused]]
name = "embassy-time"
version = "0.5.0"
source = "git+https://github.com/ariel-os/embassy?rev=32919cd38e4a5ad5fc21dfb339abd45a74bd1dc9#32919cd38e4a5ad5fc21dfb339abd45a74bd1dc9"

[[patch.unused]]
name = "esp-alloc"
version = "0.9.0"
source = "git+https://github.com/ariel-os/esp-hal?rev=531c629afdd80ea464682ce7f4db8baed97967a6#531c629afdd80ea464682ce7f4db8baed97967a6"

[[patch.unused]]
name = "esp-bootloader-esp-idf"
version = "0.4.0"
source = "git+https://github.com/ariel-os/esp-hal?rev=531c629afdd80ea464682ce7f4db8baed97967a6#531c629afdd80ea464682ce7f4db8baed97967a6"

[[patch.unused]]
name = "esp-hal"
version = "1.0.0"
source = "git+https://github.com/ariel-os/esp-hal?rev=531c629afdd80ea464682ce7f4db8baed97967a6#531c629afdd80ea464682ce7f4db8baed97967a6"

[[patch.unused]]
name = "esp-metadata-generated"
version = "0.3.0"
source = "git+https://github.com/ariel-os/esp-hal?rev=531c629afdd80ea464682ce7f4db8baed97967a6#531c629afdd80ea464682ce7f4db8baed97967a6"

[[patch.unused]]
name = "esp-println"
version = "0.16.1"
source = "git+https://github.com/ariel-os/esp-hal?rev=531c629afdd80ea464682ce7f4db8baed97967a6#531c629afdd80ea464682ce7f4db8baed97967a6"

[[patch.unused]]
name = "esp-radio"
version = "0.17.0"
source = "git+https://github.com/ariel-os/esp-hal?rev=531c629afdd80ea464682ce7f4db8baed97967a6#531c629afdd80ea464682ce7f4db8baed97967a6"

[[patch.unused]]
name = "esp-radio-rtos-driver"
version = "0.2.0"
source = "git+https://github.com/ariel-os/esp-hal?rev=531c629afdd80ea464682ce7f4db8baed97967a6#531c629afdd80ea464682ce7f4db8baed97967a6"

[[patch.unused]]
name = "esp-rom-sys"
version = "0.1.3"
source = "git+https://github.com/ariel-os/esp-hal?rev=531c629afdd80ea464682ce7f4db8baed97967a6#531c629afdd80ea464682ce7f4db8baed97967a6"

[[patch.unused]]
name = "esp-sync"
version = "0.1.1"
source = "git+https://github.com/ariel-os/esp-hal?rev=531c629afdd80ea464682ce7f4db8baed97967a6#531c629afdd80ea464682ce7f4db8baed97967a6"

[[patch.unused]]
name = "xtensa-lx-rt"
version = "0.21.0"
source = "git+https://github.com/ariel-os/esp-hal?rev=531c629afdd80ea464682ce7f4db8baed97967a6#531c629afdd80ea464682ce7f4db8baed97967a6"
